
Microsoft Visual Studio Solution File, Format Version 12.00
# Visual Studio Version 16
VisualStudioVersion = 16.0.29001.49
MinimumVisualStudioVersion = 10.0.40219.1
Project("{8BC9CEB8-8B4A-11D0-8D11-00A0C91BC942}") = "01_Vector简介", "01_Vector简介\01 vector的使用.vcxproj", "{90AA66A0-2ADC-4C3E-9B1C-0C89E84E7386}"
EndProject
Project("{8BC9CEB8-8B4A-11D0-8D11-00A0C91BC942}") = "02_Switch语句", "02_Switch语句\02_Switch语句.vcxproj", "{E1F696D5-98FE-4858-B418-3FC283689C1B}"
EndProject
Project("{8BC9CEB8-8B4A-11D0-8D11-00A0C91BC942}") = "03_递归", "03_递归\03_递归.vcxproj", "{F8DD9797-7BE8-4500-BFD6-A3F303B28E1B}"
EndProject
Project("{8BC9CEB8-8B4A-11D0-8D11-00A0C91BC942}") = "04_数据类型", "04_数据类型\04_数据类型.vcxproj", "{16117724-8BB4-4306-A9F9-FFA955630A54}"
EndProject
Project("{8BC9CEB8-8B4A-11D0-8D11-00A0C91BC942}") = "05_指针简介", "05_指针简介\05_指针简介.vcxproj", "{14755B27-A1B3-4B42-93F8-63298E0BF8FF}"
EndProject
Project("{8BC9CEB8-8B4A-11D0-8D11-00A0C91BC942}") = "06_显式转换", "06_显式转换\06_显式转换.vcxproj", "{240FE583-D494-4474-85A7-5C0A3C0E453B}"
EndProject
Project("{8BC9CEB8-8B4A-11D0-8D11-00A0C91BC942}") = "07_复合类型", "07_复合类型\07_复合类型.vcxproj", "{9F4A7902-C375-46F6-9D1A-B0F87DC737C0}"
EndProject
Project("{8BC9CEB8-8B4A-11D0-8D11-00A0C91BC942}") = "08_函数指针", "08_函数指针\08_函数指针.vcxproj", "{52C02ED0-C6A7-4755-8802-62E35C2FB511}"
EndProject
Global
	GlobalSection(SolutionConfigurationPlatforms) = preSolution
		Debug|x64 = Debug|x64
		Debug|x86 = Debug|x86
		Release|x64 = Release|x64
		Release|x86 = Release|x86
	EndGlobalSection
	GlobalSection(ProjectConfigurationPlatforms) = postSolution
		{90AA66A0-2ADC-4C3E-9B1C-0C89E84E7386}.Debug|x64.ActiveCfg = Debug|x64
		{90AA66A0-2ADC-4C3E-9B1C-0C89E84E7386}.Debug|x64.Build.0 = Debug|x64
		{90AA66A0-2ADC-4C3E-9B1C-0C89E84E7386}.Debug|x86.ActiveCfg = Debug|Win32
		{90AA66A0-2ADC-4C3E-9B1C-0C89E84E7386}.Debug|x86.Build.0 = Debug|Win32
		{90AA66A0-2ADC-4C3E-9B1C-0C89E84E7386}.Release|x64.ActiveCfg = Release|x64
		{90AA66A0-2ADC-4C3E-9B1C-0C89E84E7386}.Release|x64.Build.0 = Release|x64
		{90AA66A0-2ADC-4C3E-9B1C-0C89E84E7386}.Release|x86.ActiveCfg = Release|Win32
		{90AA66A0-2ADC-4C3E-9B1C-0C89E84E7386}.Release|x86.Build.0 = Release|Win32
		{E1F696D5-98FE-4858-B418-3FC283689C1B}.Debug|x64.ActiveCfg = Debug|x64
		{E1F696D5-98FE-4858-B418-3FC283689C1B}.Debug|x64.Build.0 = Debug|x64
		{E1F696D5-98FE-4858-B418-3FC283689C1B}.Debug|x86.ActiveCfg = Debug|Win32
		{E1F696D5-98FE-4858-B418-3FC283689C1B}.Debug|x86.Build.0 = Debug|Win32
		{E1F696D5-98FE-4858-B418-3FC283689C1B}.Release|x64.ActiveCfg = Release|x64
		{E1F696D5-98FE-4858-B418-3FC283689C1B}.Release|x64.Build.0 = Release|x64
		{E1F696D5-98FE-4858-B418-3FC283689C1B}.Release|x86.ActiveCfg = Release|Win32
		{E1F696D5-98FE-4858-B418-3FC283689C1B}.Release|x86.Build.0 = Release|Win32
		{F8DD9797-7BE8-4500-BFD6-A3F303B28E1B}.Debug|x64.ActiveCfg = Debug|x64
		{F8DD9797-7BE8-4500-BFD6-A3F303B28E1B}.Debug|x64.Build.0 = Debug|x64
		{F8DD9797-7BE8-4500-BFD6-A3F303B28E1B}.Debug|x86.ActiveCfg = Debug|Win32
		{F8DD9797-7BE8-4500-BFD6-A3F303B28E1B}.Debug|x86.Build.0 = Debug|Win32
		{F8DD9797-7BE8-4500-BFD6-A3F303B28E1B}.Release|x64.ActiveCfg = Release|x64
		{F8DD9797-7BE8-4500-BFD6-A3F303B28E1B}.Release|x64.Build.0 = Release|x64
		{F8DD9797-7BE8-4500-BFD6-A3F303B28E1B}.Release|x86.ActiveCfg = Release|Win32
		{F8DD9797-7BE8-4500-BFD6-A3F303B28E1B}.Release|x86.Build.0 = Release|Win32
		{16117724-8BB4-4306-A9F9-FFA955630A54}.Debug|x64.ActiveCfg = Debug|x64
		{16117724-8BB4-4306-A9F9-FFA955630A54}.Debug|x64.Build.0 = Debug|x64
		{16117724-8BB4-4306-A9F9-FFA955630A54}.Debug|x86.ActiveCfg = Debug|Win32
		{16117724-8BB4-4306-A9F9-FFA955630A54}.Debug|x86.Build.0 = Debug|Win32
		{16117724-8BB4-4306-A9F9-FFA955630A54}.Release|x64.ActiveCfg = Release|x64
		{16117724-8BB4-4306-A9F9-FFA955630A54}.Release|x64.Build.0 = Release|x64
		{16117724-8BB4-4306-A9F9-FFA955630A54}.Release|x86.ActiveCfg = Release|Win32
		{16117724-8BB4-4306-A9F9-FFA955630A54}.Release|x86.Build.0 = Release|Win32
		{14755B27-A1B3-4B42-93F8-63298E0BF8FF}.Debug|x64.ActiveCfg = Debug|x64
		{14755B27-A1B3-4B42-93F8-63298E0BF8FF}.Debug|x64.Build.0 = Debug|x64
		{14755B27-A1B3-4B42-93F8-63298E0BF8FF}.Debug|x86.ActiveCfg = Debug|Win32
		{14755B27-A1B3-4B42-93F8-63298E0BF8FF}.Debug|x86.Build.0 = Debug|Win32
		{14755B27-A1B3-4B42-93F8-63298E0BF8FF}.Release|x64.ActiveCfg = Release|x64
		{14755B27-A1B3-4B42-93F8-63298E0BF8FF}.Release|x64.Build.0 = Release|x64
		{14755B27-A1B3-4B42-93F8-63298E0BF8FF}.Release|x86.ActiveCfg = Release|Win32
		{14755B27-A1B3-4B42-93F8-63298E0BF8FF}.Release|x86.Build.0 = Release|Win32
		{240FE583-D494-4474-85A7-5C0A3C0E453B}.Debug|x64.ActiveCfg = Debug|x64
		{240FE583-D494-4474-85A7-5C0A3C0E453B}.Debug|x64.Build.0 = Debug|x64
		{240FE583-D494-4474-85A7-5C0A3C0E453B}.Debug|x86.ActiveCfg = Debug|Win32
		{240FE583-D494-4474-85A7-5C0A3C0E453B}.Debug|x86.Build.0 = Debug|Win32
		{240FE583-D494-4474-85A7-5C0A3C0E453B}.Release|x64.ActiveCfg = Release|x64
		{240FE583-D494-4474-85A7-5C0A3C0E453B}.Release|x64.Build.0 = Release|x64
		{240FE583-D494-4474-85A7-5C0A3C0E453B}.Release|x86.ActiveCfg = Release|Win32
		{240FE583-D494-4474-85A7-5C0A3C0E453B}.Release|x86.Build.0 = Release|Win32
		{9F4A7902-C375-46F6-9D1A-B0F87DC737C0}.Debug|x64.ActiveCfg = Debug|x64
		{9F4A7902-C375-46F6-9D1A-B0F87DC737C0}.Debug|x64.Build.0 = Debug|x64
		{9F4A7902-C375-46F6-9D1A-B0F87DC737C0}.Debug|x86.ActiveCfg = Debug|Win32
		{9F4A7902-C375-46F6-9D1A-B0F87DC737C0}.Debug|x86.Build.0 = Debug|Win32
		{9F4A7902-C375-46F6-9D1A-B0F87DC737C0}.Release|x64.ActiveCfg = Release|x64
		{9F4A7902-C375-46F6-9D1A-B0F87DC737C0}.Release|x64.Build.0 = Release|x64
		{9F4A7902-C375-46F6-9D1A-B0F87DC737C0}.Release|x86.ActiveCfg = Release|Win32
		{9F4A7902-C375-46F6-9D1A-B0F87DC737C0}.Release|x86.Build.0 = Release|Win32
		{52C02ED0-C6A7-4755-8802-62E35C2FB511}.Debug|x64.ActiveCfg = Debug|x64
		{52C02ED0-C6A7-4755-8802-62E35C2FB511}.Debug|x64.Build.0 = Debug|x64
		{52C02ED0-C6A7-4755-8802-62E35C2FB511}.Debug|x86.ActiveCfg = Debug|Win32
		{52C02ED0-C6A7-4755-8802-62E35C2FB511}.Debug|x86.Build.0 = Debug|Win32
		{52C02ED0-C6A7-4755-8802-62E35C2FB511}.Release|x64.ActiveCfg = Release|x64
		{52C02ED0-C6A7-4755-8802-62E35C2FB511}.Release|x64.Build.0 = Release|x64
		{52C02ED0-C6A7-4755-8802-62E35C2FB511}.Release|x86.ActiveCfg = Release|Win32
		{52C02ED0-C6A7-4755-8802-62E35C2FB511}.Release|x86.Build.0 = Release|Win32
	EndGlobalSection
	GlobalSection(SolutionProperties) = preSolution
		HideSolutionNode = FALSE
	EndGlobalSection
	GlobalSection(ExtensibilityGlobals) = postSolution
		SolutionGuid = {AA4EC7B0-DD69-41E7-834D-75B308E4A2B4}
	EndGlobalSection
EndGlobal
